// !$*UTF8*$!
{
	archiveVersion = 1;
	classes = {
	};
	objectVersion = 50;
	objects = {

/* Begin PBXBuildFile section */
		9BD43F42217C89C9004F19AD /* AppDelegate.swift in Sources */ = {isa = PBXBuildFile; fileRef = 9BD43F41217C89C9004F19AD /* AppDelegate.swift */; };
		9BD43F44217C89C9004F19AD /* ViewController.swift in Sources */ = {isa = PBXBuildFile; fileRef = 9BD43F43217C89C9004F19AD /* ViewController.swift */; };
		9BD43F47217C89C9004F19AD /* Main.storyboard in Resources */ = {isa = PBXBuildFile; fileRef = 9BD43F45217C89C9004F19AD /* Main.storyboard */; };
		9BD43F49217C89D3004F19AD /* Assets.xcassets in Resources */ = {isa = PBXBuildFile; fileRef = 9BD43F48217C89D3004F19AD /* Assets.xcassets */; };
		9BD43F4C217C89D3004F19AD /* LaunchScreen.storyboard in Resources */ = {isa = PBXBuildFile; fileRef = 9BD43F4A217C89D3004F19AD /* LaunchScreen.storyboard */; };
		9BD43F57217C89D3004F19AD /* Xcode10_ParallelTest_CIUITests.swift in Sources */ = {isa = PBXBuildFile; fileRef = 9BD43F56217C89D3004F19AD /* Xcode10_ParallelTest_CIUITests.swift */; };
/* End PBXBuildFile section */

/* Begin PBXContainerItemProxy section */
		9BD43F53217C89D3004F19AD /* PBXContainerItemProxy */ = {
			isa = PBXContainerItemProxy;
			containerPortal = 9BD43F36217C89C9004F19AD /* Project object */;
			proxyType = 1;
			remoteGlobalIDString = 9BD43F3D217C89C9004F19AD;
			remoteInfo = "Xcode10-ParallelTest-CI";
		};
/* End PBXContainerItemProxy section */

/* Begin PBXFileReference section */
		9BD43F3E217C89C9004F19AD /* Xcode10-ParallelTest-CI.app */ = {isa = PBXFileReference; explicitFileType = wrapper.application; includeInIndex = 0; path = "Xcode10-ParallelTest-CI.app"; sourceTree = BUILT_PRODUCTS_DIR; };
		9BD43F41217C89C9004F19AD /* AppDelegate.swift */ = {isa = PBXFileReference; lastKnownFileType = sourcecode.swift; path = AppDelegate.swift; sourceTree = "<group>"; };
		9BD43F43217C89C9004F19AD /* ViewController.swift */ = {isa = PBXFileReference; lastKnownFileType = sourcecode.swift; path = ViewController.swift; sourceTree = "<group>"; };
		9BD43F46217C89C9004F19AD /* Base */ = {isa = PBXFileReference; lastKnownFileType = file.storyboard; name = Base; path = Base.lproj/Main.storyboard; sourceTree = "<group>"; };
		9BD43F48217C89D3004F19AD /* Assets.xcassets */ = {isa = PBXFileReference; lastKnownFileType = folder.assetcatalog; path = Assets.xcassets; sourceTree = "<group>"; };
		9BD43F4B217C89D3004F19AD /* Base */ = {isa = PBXFileReference; lastKnownFileType = file.storyboard; name = Base; path = Base.lproj/LaunchScreen.storyboard; sourceTree = "<group>"; };
		9BD43F4D217C89D3004F19AD /* Info.plist */ = {isa = PBXFileReference; lastKnownFileType = text.plist.xml; path = Info.plist; sourceTree = "<group>"; };
		9BD43F52217C89D3004F19AD /* Xcode10-ParallelTest-CIUITests.xctest */ = {isa = PBXFileReference; explicitFileType = wrapper.cfbundle; includeInIndex = 0; path = "Xcode10-ParallelTest-CIUITests.xctest"; sourceTree = BUILT_PRODUCTS_DIR; };
		9BD43F56217C89D3004F19AD /* Xcode10_ParallelTest_CIUITests.swift */ = {isa = PBXFileReference; lastKnownFileType = sourcecode.swift; path = Xcode10_ParallelTest_CIUITests.swift; sourceTree = "<group>"; };
		9BD43F58217C89D3004F19AD /* Info.plist */ = {isa = PBXFileReference; lastKnownFileType = text.plist.xml; path = Info.plist; sourceTree = "<group>"; };
/* End PBXFileReference section */

/* Begin PBXFrameworksBuildPhase section */
		9BD43F3B217C89C9004F19AD /* Frameworks */ = {
			isa = PBXFrameworksBuildPhase;
			buildActionMask = 2147483647;
			files = (
			);
			runOnlyForDeploymentPostprocessing = 0;
		};
		9BD43F4F217C89D3004F19AD /* Frameworks */ = {
			isa = PBXFrameworksBuildPhase;
			buildActionMask = 2147483647;
			files = (
			);
			runOnlyForDeploymentPostprocessing = 0;
		};
/* End PBXFrameworksBuildPhase section */

/* Begin PBXGroup section */
		9BD43F35217C89C9004F19AD = {
			isa = PBXGroup;
			children = (
				9BD43F40217C89C9004F19AD /* Xcode10-ParallelTest-CI */,
				9BD43F55217C89D3004F19AD /* Xcode10-ParallelTest-CIUITests */,
				9BD43F3F217C89C9004F19AD /* Products */,
			);
			sourceTree = "<group>";
		};
		9BD43F3F217C89C9004F19AD /* Products */ = {
			isa = PBXGroup;
			children = (
				9BD43F3E217C89C9004F19AD /* Xcode10-ParallelTest-CI.app */,
				9BD43F52217C89D3004F19AD /* Xcode10-ParallelTest-CIUITests.xctest */,
			);
			name = Products;
			sourceTree = "<group>";
		};
		9BD43F40217C89C9004F19AD /* Xcode10-ParallelTest-CI */ = {
			isa = PBXGroup;
			children = (
				9BD43F41217C89C9004F19AD /* AppDelegate.swift */,
				9BD43F43217C89C9004F19AD /* ViewController.swift */,
				9BD43F45217C89C9004F19AD /* Main.storyboard */,
				9BD43F48217C89D3004F19AD /* Assets.xcassets */,
				9BD43F4A217C89D3004F19AD /* LaunchScreen.storyboard */,
				9BD43F4D217C89D3004F19AD /* Info.plist */,
			);
			path = "Xcode10-ParallelTest-CI";
			sourceTree = "<group>";
		};
		9BD43F55217C89D3004F19AD /* Xcode10-ParallelTest-CIUITests */ = {
			isa = PBXGroup;
			children = (
				9BD43F56217C89D3004F19AD /* Xcode10_ParallelTest_CIUITests.swift */,
				9BD43F58217C89D3004F19AD /* Info.plist */,
			);
			path = "Xcode10-ParallelTest-CIUITests";
			sourceTree = "<group>";
		};
/* End PBXGroup section */

/* Begin PBXNativeTarget section */
		9BD43F3D217C89C9004F19AD /* Xcode10-ParallelTest-CI */ = {
			isa = PBXNativeTarget;
			buildConfigurationList = 9BD43F5B217C89D3004F19AD /* Build configuration list for PBXNativeTarget "Xcode10-ParallelTest-CI" */;
			buildPhases = (
				9BD43F3A217C89C9004F19AD /* Sources */,
				9BD43F3B217C89C9004F19AD /* Frameworks */,
				9BD43F3C217C89C9004F19AD /* Resources */,
			);
			buildRules = (
			);
			dependencies = (
			);
			name = "Xcode10-ParallelTest-CI";
			productName = "Xcode10-ParallelTest-CI";
			productReference = 9BD43F3E217C89C9004F19AD /* Xcode10-ParallelTest-CI.app */;
			productType = "com.apple.product-type.application";
		};
		9BD43F51217C89D3004F19AD /* Xcode10-ParallelTest-CIUITests */ = {
			isa = PBXNativeTarget;
			buildConfigurationList = 9BD43F5E217C89D3004F19AD /* Build configuration list for PBXNativeTarget "Xcode10-ParallelTest-CIUITests" */;
			buildPhases = (
				9BD43F4E217C89D3004F19AD /* Sources */,
				9BD43F4F217C89D3004F19AD /* Frameworks */,
				9BD43F50217C89D3004F19AD /* Resources */,
			);
			buildRules = (
			);
			dependencies = (
				9BD43F54217C89D3004F19AD /* PBXTargetDependency */,
			);
			name = "Xcode10-ParallelTest-CIUITests";
			productName = "Xcode10-ParallelTest-CIUITests";
			productReference = 9BD43F52217C89D3004F19AD /* Xcode10-ParallelTest-CIUITests.xctest */;
			productType = "com.apple.product-type.bundle.ui-testing";
		};
/* End PBXNativeTarget section */

/* Begin PBXProject section */
		9BD43F36217C89C9004F19AD /* Project object */ = {
			isa = PBXProject;
			attributes = {
				LastSwiftUpdateCheck = 1000;
				LastUpgradeCheck = 1000;
				ORGANIZATIONNAME = "Shashikant Jagtap";
				TargetAttributes = {
					9BD43F3D217C89C9004F19AD = {
						CreatedOnToolsVersion = 10.0;
					};
					9BD43F51217C89D3004F19AD = {
						CreatedOnToolsVersion = 10.0;
						TestTargetID = 9BD43F3D217C89C9004F19AD;
					};
				};
			};
			buildConfigurationList = 9BD43F39217C89C9004F19AD /* Build configuration list for PBXProject "Xcode10-ParallelTest-CI" */;
			compatibilityVersion = "Xcode 9.3";
			developmentRegion = en;
			hasScannedForEncodings = 0;
			knownRegions = (
				en,
				Base,
			);
			mainGroup = 9BD43F35217C89C9004F19AD;
			productRefGroup = 9BD43F3F217C89C9004F19AD /* Products */;
			projectDirPath = "";
			projectRoot = "";
			targets = (
				9BD43F3D217C89C9004F19AD /* Xcode10-ParallelTest-CI */,
				9BD43F51217C89D3004F19AD /* Xcode10-ParallelTest-CIUITests */,
			);
		};
/* End PBXProject section */

/* Begin PBXResourcesBuildPhase section */
		9BD43F3C217C89C9004F19AD /* Resources */ = {
			isa = PBXResourcesBuildPhase;
			buildActionMask = 2147483647;
			files = (
				9BD43F4C217C89D3004F19AD /* LaunchScreen.storyboard in Resources */,
				9BD43F49217C89D3004F19AD /* Assets.xcassets in Resources */,
				9BD43F47217C89C9004F19AD /* Main.storyboard in Resources */,
			);
			runOnlyForDeploymentPostprocessing = 0;
		};
		9BD43F50217C89D3004F19AD /* Resources */ = {
			isa = PBXResourcesBuildPhase;
			buildActionMask = 2147483647;
			files = (
			);
			runOnlyForDeploymentPostprocessing = 0;
		};
/* End PBXResourcesBuildPhase section */

/* Begin PBXSourcesBuildPhase section */
		9BD43F3A217C89C9004F19AD /* Sources */ = {
			isa = PBXSourcesBuildPhase;
			buildActionMask = 2147483647;
			files = (
				9BD43F44217C89C9004F19AD /* ViewController.swift in Sources */,
				9BD43F42217C89C9004F19AD /* AppDelegate.swift in Sources */,
			);
			runOnlyForDeploymentPostprocessing = 0;
		};
		9BD43F4E217C89D3004F19AD /* Sources */ = {
			isa = PBXSourcesBuildPhase;
			buildActionMask = 2147483647;
			files = (
				9BD43F57217C89D3004F19AD /* Xcode10_ParallelTest_CIUITests.swift in Sources */,
			);
			runOnlyForDeploymentPostprocessing = 0;
		};
/* End PBXSourcesBuildPhase section */

/* Begin PBXTargetDependency section */
		9BD43F54217C89D3004F19AD /* PBXTargetDependency */ = {
			isa = PBXTargetDependency;
			target = 9BD43F3D217C89C9004F19AD /* Xcode10-ParallelTest-CI */;
			targetProxy = 9BD43F53217C89D3004F19AD /* PBXContainerItemProxy */;
		};
/* End PBXTargetDependency section */

/* Begin PBXVariantGroup section */
		9BD43F45217C89C9004F19AD /* Main.storyboard */ = {
			isa = PBXVariantGroup;
			children = (
				9BD43F46217C89C9004F19AD /* Base */,
			);
			name = Main.storyboard;
			sourceTree = "<group>";
		};
		9BD43F4A217C89D3004F19AD /* LaunchScreen.storyboard */ = {
			isa = PBXVariantGroup;
			children = (
				9BD43F4B217C89D3004F19AD /* Base */,
			);
			name = LaunchScreen.storyboard;
			sourceTree = "<group>";
		};
/* End PBXVariantGroup section */

/* Begin XCBuildConfiguration section */
		9BD43F59217C89D3004F19AD /* Debug */ = {
			isa = XCBuildConfiguration;
			buildSettings = {
				ALWAYS_SEARCH_USER_PATHS = NO;
				CLANG_ANALYZER_NONNULL = YES;
				CLANG_ANALYZER_NUMBER_OBJECT_CONVERSION = YES_AGGRESSIVE;
				CLANG_CXX_LANGUAGE_STANDARD = "gnu++14";
				CLANG_CXX_LIBRARY = "libc++";
				CLANG_ENABLE_MODULES = YES;
				CLANG_ENABLE_OBJC_ARC = YES;
				CLANG_ENABLE_OBJC_WEAK = YES;
				CLANG_WARN_BLOCK_CAPTURE_AUTORELEASING = YES;
				CLANG_WARN_BOOL_CONVERSION = YES;
				CLANG_WARN_COMMA = YES;
				CLANG_WARN_CONSTANT_CONVERSION = YES;
				CLANG_WARN_DEPRECATED_OBJC_IMPLEMENTATIONS = YES;
				CLANG_WARN_DIRECT_OBJC_ISA_USAGE = YES_ERROR;
				CLANG_WARN_DOCUMENTATION_COMMENTS = YES;
				CLANG_WARN_EMPTY_BODY = YES;
				CLANG_WARN_ENUM_CONVERSION = YES;
				CLANG_WARN_INFINITE_RECURSION = YES;
				CLANG_WARN_INT_CONVERSION = YES;
				CLANG_WARN_NON_LITERAL_NULL_CONVERSION = YES;
				CLANG_WARN_OBJC_IMPLICIT_RETAIN_SELF = YES;
				CLANG_WARN_OBJC_LITERAL_CONVERSION = YES;
				CLANG_WARN_OBJC_ROOT_CLASS = YES_ERROR;
				CLANG_WARN_RANGE_LOOP_ANALYSIS = YES;
				CLANG_WARN_STRICT_PROTOTYPES = YES;
				CLANG_WARN_SUSPICIOUS_MOVE = YES;
				CLANG_WARN_UNGUARDED_AVAILABILITY = YES_AGGRESSIVE;
				CLANG_WARN_UNREACHABLE_CODE = YES;
				CLANG_WARN__DUPLICATE_METHOD_MATCH = YES;
				CODE_SIGN_IDENTITY = "iPhone Developer";
				COPY_PHASE_STRIP = NO;
				DEBUG_INFORMATION_FORMAT = dwarf;
				ENABLE_STRICT_OBJC_MSGSEND = YES;
				ENABLE_TESTABILITY = YES;
				GCC_C_LANGUAGE_STANDARD = gnu11;
				GCC_DYNAMIC_NO_PIC = NO;
				GCC_NO_COMMON_BLOCKS = YES;
				GCC_OPTIMIZATION_LEVEL = 0;
				GCC_PREPROCESSOR_DEFINITIONS = (
					"DEBUG=1",
					"$(inherited)",
				);
				GCC_WARN_64_TO_32_BIT_CONVERSION = YES;
				GCC_WARN_ABOUT_RETURN_TYPE = YES_ERROR;
				GCC_WARN_UNDECLARED_SELECTOR = YES;
				GCC_WARN_UNINITIALIZED_AUTOS = YES_AGGRESSIVE;
				GCC_WARN_UNUSED_FUNCTION = YES;
				GCC_WARN_UNUSED_VARIABLE = YES;
				IPHONEOS_DEPLOYMENT_TARGET = 12.0;
				MTL_ENABLE_DEBUG_INFO = INCLUDE_SOURCE;
				ONLY_ACTIVE_ARCH = YES;
				SDKROOT = iphoneos;
				SWIFT_ACTIVE_COMPILATION_CONDITIONS = DEBUG;
				SWIFT_OPTIMIZATION_LEVEL = "-Onone";
			};
			name = Debug;
		};
		9BD43F5A217C89D3004F19AD /* Release */ = {
			isa = XCBuildConfiguration;
			buildSettings = {
				ALWAYS_SEARCH_USER_PATHS = NO;
				CLANG_ANALYZER_NONNULL = YES;
				CLANG_ANALYZER_NUMBER_OBJECT_CONVERSION = YES_AGGRESSIVE;
				CLANG_CXX_LANGUAGE_STANDARD = "gnu++14";
				CLANG_CXX_LIBRARY = "libc++";
				CLANG_ENABLE_MODULES = YES;
				CLANG_ENABLE_OBJC_ARC = YES;
				CLANG_ENABLE_OBJC_WEAK = YES;
				CLANG_WARN_BLOCK_CAPTURE_AUTORELEASING = YES;
				CLANG_WARN_BOOL_CONVERSION = YES;
				CLANG_WARN_COMMA = YES;
				CLANG_WARN_CONSTANT_CONVERSION = YES;
				CLANG_WARN_DEPRECATED_OBJC_IMPLEMENTATIONS = YES;
				CLANG_WARN_DIRECT_OBJC_ISA_USAGE = YES_ERROR;
				CLANG_WARN_DOCUMENTATION_COMMENTS = YES;
				CLANG_WARN_EMPTY_BODY = YES;
				CLANG_WARN_ENUM_CONVERSION = YES;
				CLANG_WARN_INFINITE_RECURSION = YES;
				CLANG_WARN_INT_CONVERSION = YES;
				CLANG_WARN_NON_LITERAL_NULL_CONVERSION = YES;
				CLANG_WARN_OBJC_IMPLICIT_RETAIN_SELF = YES;
				CLANG_WARN_OBJC_LITERAL_CONVERSION = YES;
				CLANG_WARN_OBJC_ROOT_CLASS = YES_ERROR;
				CLANG_WARN_RANGE_LOOP_ANALYSIS = YES;
				CLANG_WARN_STRICT_PROTOTYPES = YES;
				CLANG_WARN_SUSPICIOUS_MOVE = YES;
				CLANG_WARN_UNGUARDED_AVAILABILITY = YES_AGGRESSIVE;
				CLANG_WARN_UNREACHABLE_CODE = YES;
				CLANG_WARN__DUPLICATE_METHOD_MATCH = YES;
				CODE_SIGN_IDENTITY = "iPhone Developer";
				COPY_PHASE_STRIP = NO;
				DEBUG_INFORMATION_FORMAT = "dwarf-with-dsym";
				ENABLE_NS_ASSERTIONS = NO;
				ENABLE_STRICT_OBJC_MSGSEND = YES;
				GCC_C_LANGUAGE_STANDARD = gnu11;
				GCC_NO_COMMON_BLOCKS = YES;
				GCC_WARN_64_TO_32_BIT_CONVERSION = YES;
				GCC_WARN_ABOUT_RETURN_TYPE = YES_ERROR;
				GCC_WARN_UNDECLARED_SELECTOR = YES;
				GCC_WARN_UNINITIALIZED_AUTOS = YES_AGGRESSIVE;
				GCC_WARN_UNUSED_FUNCTION = YES;
				GCC_WARN_UNUSED_VARIABLE = YES;
				IPHONEOS_DEPLOYMENT_TARGET = 12.0;
				MTL_ENABLE_DEBUG_INFO = NO;
				SDKROOT = iphoneos;
				SWIFT_COMPILATION_MODE = wholemodule;
				SWIFT_OPTIMIZATION_LEVEL = "-O";
				VALIDATE_PRODUCT = YES;
			};
			name = Release;
		};
		9BD43F5C217C89D3004F19AD /* Debug */ = {
			isa = XCBuildConfiguration;
			buildSettings = {
				ASSETCATALOG_COMPILER_APPICON_NAME = AppIcon;
				CODE_SIGN_STYLE = Automatic;
				DEVELOPMENT_TEAM = E8YSTT4EW3;
				INFOPLIST_FILE = "Xcode10-ParallelTest-CI/Info.plist";
				LD_RUNPATH_SEARCH_PATHS = (
					"$(inherited)",
					"@executable_path/Frameworks",
				);
				PRODUCT_BUNDLE_IDENTIFIER = "com.shashikant.Xcode10-ParallelTest-CI";
				PRODUCT_NAME = "$(TARGET_NAME)";
				SWIFT_VERSION = 4.2;
				TARGETED_DEVICE_FAMILY = "1,2";
			};
			name = Debug;
		};
		9BD43F5D217C89D3004F19AD /* Release */ = {
			isa = XCBuildConfiguration;
			buildSettings = {
				ASSETCATALOG_COMPILER_APPICON_NAME = AppIcon;
				CODE_SIGN_STYLE = Automatic;
				DEVELOPMENT_TEAM = E8YSTT4EW3;
				INFOPLIST_FILE = "Xcode10-ParallelTest-CI/Info.plist";
				LD_RUNPATH_SEARCH_PATHS = (
					"$(inherited)",
					"@executable_path/Frameworks",
				);
				PRODUCT_BUNDLE_IDENTIFIER = "com.shashikant.Xcode10-ParallelTest-CI";
				PRODUCT_NAME = "$(TARGET_NAME)";
				SWIFT_VERSION = 4.2;
				TARGETED_DEVICE_FAMILY = "1,2";
			};
			name = Release;
		};
		9BD43F5F217C89D3004F19AD /* Debug */ = {
			isa = XCBuildConfiguration;
			buildSettings = {
				ALWAYS_EMBED_SWIFT_STANDARD_LIBRARIES = YES;
				CODE_SIGN_STYLE = Automatic;
				DEVELOPMENT_TEAM = E8YSTT4EW3;
				INFOPLIST_FILE = "Xcode10-ParallelTest-CIUITests/Info.plist";
				LD_RUNPATH_SEARCH_PATHS = (
					"$(inherited)",
					"@executable_path/Frameworks",
					"@loader_path/Frameworks",
				);
				PRODUCT_BUNDLE_IDENTIFIER = "com.shashikant.Xcode10-ParallelTest-CIUITests";
				PRODUCT_NAME = "$(TARGET_NAME)";
				SWIFT_VERSION = 4.2;
				TARGETED_DEVICE_FAMILY = "1,2";
				TEST_TARGET_NAME = "Xcode10-ParallelTest-CI";
			};
			name = Debug;
		};
		9BD43F60217C89D3004F19AD /* Release */ = {
			isa = XCBuildConfiguration;
			buildSettings = {
				ALWAYS_EMBED_SWIFT_STANDARD_LIBRARIES = YES;
				CODE_SIGN_STYLE = Automatic;
				DEVELOPMENT_TEAM = E8YSTT4EW3;
				INFOPLIST_FILE = "Xcode10-ParallelTest-CIUITests/Info.plist";
				LD_RUNPATH_SEARCH_PATHS = (
					"$(inherited)",
					"@executable_path/Frameworks",
					"@loader_path/Frameworks",
				);
				PRODUCT_BUNDLE_IDENTIFIER = "com.shashikant.Xcode10-ParallelTest-CIUITests";
				PRODUCT_NAME = "$(TARGET_NAME)";
				SWIFT_VERSION = 4.2;
				TARGETED_DEVICE_FAMILY = "1,2";
				TEST_TARGET_NAME = "Xcode10-ParallelTest-CI";
			};
			name = Release;
		};
/* End XCBuildConfiguration section */

/* Begin XCConfigurationList section */
		9BD43F39217C89C9004F19AD /* Build configuration list for PBXProject "Xcode10-ParallelTest-CI" */ = {
			isa = XCConfigurationList;
			buildConfigurations = (
				9BD43F59217C89D3004F19AD /* Debug */,
				9BD43F5A217C89D3004F19AD /* Release */,
			);
			defaultConfigurationIsVisible = 0;
			defaultConfigurationName = Release;
		};
		9BD43F5B217C89D3004F19AD /* Build configuration list for PBXNativeTarget "Xcode10-ParallelTest-CI" */ = {
			isa = XCConfigurationList;
			buildConfigurations = (
				9BD43F5C217C89D3004F19AD /* Debug */,
				9BD43F5D217C89D3004F19AD /* Release */,
			);
			defaultConfigurationIsVisible = 0;
			defaultConfigurationName = Release;
		};
		9BD43F5E217C89D3004F19AD /* Build configuration list for PBXNativeTarget "Xcode10-ParallelTest-CIUITests" */ = {
			isa = XCConfigurationList;
			buildConfigurations = (
				9BD43F5F217C89D3004F19AD /* Debug */,
				9BD43F60217C89D3004F19AD /* Release */,
			);
			defaultConfigurationIsVisible = 0;
			defaultConfigurationName = Release;
		};
/* End XCConfigurationList section */
	};
	rootObject = 9BD43F36217C89C9004F19AD /* Project object */;
}
